// !$*UTF8*$!
{
	archiveVersion = 1;
	classes = {
	};
	objectVersion = 55;
	objects = {

/* Begin PBXBuildFile section */
		E9300C0328A937E2002A7F7C /* AppStorageExample.swift in Sources */ = {isa = PBXBuildFile; fileRef = E9300C0228A937E2002A7F7C /* AppStorageExample.swift */; };
		E9582ED528A241E00039710A /* TutorialApp.swift in Sources */ = {isa = PBXBuildFile; fileRef = E9582ED428A241E00039710A /* TutorialApp.swift */; };
		E9582ED728A241E00039710A /* ContentView.swift in Sources */ = {isa = PBXBuildFile; fileRef = E9582ED628A241E00039710A /* ContentView.swift */; };
		E9582ED928A241E30039710A /* Assets.xcassets in Resources */ = {isa = PBXBuildFile; fileRef = E9582ED828A241E30039710A /* Assets.xcassets */; };
		E9582EDC28A241E30039710A /* Preview Assets.xcassets in Resources */ = {isa = PBXBuildFile; fileRef = E9582EDB28A241E30039710A /* Preview Assets.xcassets */; };
		E9582EE328A254D40039710A /* GradientView.swift in Sources */ = {isa = PBXBuildFile; fileRef = E9582EE228A254D40039710A /* GradientView.swift */; };
		E9582EE528A255570039710A /* Icons.swift in Sources */ = {isa = PBXBuildFile; fileRef = E9582EE428A255570039710A /* Icons.swift */; };
		E9582EE728A257210039710A /* Images.swift in Sources */ = {isa = PBXBuildFile; fileRef = E9582EE628A257210039710A /* Images.swift */; };
		E9582EE928A259C00039710A /* Frames.swift in Sources */ = {isa = PBXBuildFile; fileRef = E9582EE828A259C00039710A /* Frames.swift */; };
		E9582EEB28A27AC00039710A /* BackgroundOverlays.swift in Sources */ = {isa = PBXBuildFile; fileRef = E9582EEA28A27AC00039710A /* BackgroundOverlays.swift */; };
		E9582EED28A28A430039710A /* InitEnums.swift in Sources */ = {isa = PBXBuildFile; fileRef = E9582EEC28A28A430039710A /* InitEnums.swift */; };
		E9582EEF28A28E180039710A /* ForLoops.swift in Sources */ = {isa = PBXBuildFile; fileRef = E9582EEE28A28E180039710A /* ForLoops.swift */; };
		E9582EF328A29E820039710A /* ScrollViewExample.swift in Sources */ = {isa = PBXBuildFile; fileRef = E9582EF228A29E820039710A /* ScrollViewExample.swift */; };
		E9582EF728A395D10039710A /* SafeareaExample.swift in Sources */ = {isa = PBXBuildFile; fileRef = E9582EF628A395D10039710A /* SafeareaExample.swift */; };
		E9582EF928A399750039710A /* StateExample.swift in Sources */ = {isa = PBXBuildFile; fileRef = E9582EF828A399750039710A /* StateExample.swift */; };
		E9582EFB28A39C110039710A /* ExtractedFunctions.swift in Sources */ = {isa = PBXBuildFile; fileRef = E9582EFA28A39C110039710A /* ExtractedFunctions.swift */; };
		E9582EFD28A39FA30039710A /* BindingWrapper.swift in Sources */ = {isa = PBXBuildFile; fileRef = E9582EFC28A39FA30039710A /* BindingWrapper.swift */; };
		E9582EFF28A3CA530039710A /* Conditionals.swift in Sources */ = {isa = PBXBuildFile; fileRef = E9582EFE28A3CA530039710A /* Conditionals.swift */; };
		E9582F0128A3CD010039710A /* AnimationsExample.swift in Sources */ = {isa = PBXBuildFile; fileRef = E9582F0028A3CD010039710A /* AnimationsExample.swift */; };
		E9582F0328A3D0E10039710A /* TransitionExample.swift in Sources */ = {isa = PBXBuildFile; fileRef = E9582F0228A3D0E10039710A /* TransitionExample.swift */; };
		E9582F0728A3D5D20039710A /* CustomButton.swift in Sources */ = {isa = PBXBuildFile; fileRef = E9582F0628A3D5D20039710A /* CustomButton.swift */; };
		E9582F0928A3DE930039710A /* SheetsExample.swift in Sources */ = {isa = PBXBuildFile; fileRef = E9582F0828A3DE930039710A /* SheetsExample.swift */; };
		E9582F0B28A3E53E0039710A /* NavigationExample.swift in Sources */ = {isa = PBXBuildFile; fileRef = E9582F0A28A3E53E0039710A /* NavigationExample.swift */; };
		E9582F0D28A5850B0039710A /* ListExample.swift in Sources */ = {isa = PBXBuildFile; fileRef = E9582F0C28A5850B0039710A /* ListExample.swift */; };
		E9582F0F28A589070039710A /* AlertExample.swift in Sources */ = {isa = PBXBuildFile; fileRef = E9582F0E28A589070039710A /* AlertExample.swift */; };
		E9582F1528A65E790039710A /* ActionSheetExample.swift in Sources */ = {isa = PBXBuildFile; fileRef = E9582F1428A65E790039710A /* ActionSheetExample.swift */; };
		E9582F1728A664490039710A /* ContextMenuExample.swift in Sources */ = {isa = PBXBuildFile; fileRef = E9582F1628A664490039710A /* ContextMenuExample.swift */; };
		E9582F1928A666DC0039710A /* TextFieldExample.swift in Sources */ = {isa = PBXBuildFile; fileRef = E9582F1828A666DC0039710A /* TextFieldExample.swift */; };
		E9582F1B28A66CE00039710A /* TextEditorExample.swift in Sources */ = {isa = PBXBuildFile; fileRef = E9582F1A28A66CE00039710A /* TextEditorExample.swift */; };
		E9582F1D28A66E710039710A /* ToggleExample.swift in Sources */ = {isa = PBXBuildFile; fileRef = E9582F1C28A66E710039710A /* ToggleExample.swift */; };
		E9582F1F28A66FC30039710A /* PickerExample.swift in Sources */ = {isa = PBXBuildFile; fileRef = E9582F1E28A66FC30039710A /* PickerExample.swift */; };
		E9582F2328A675FF0039710A /* ColorPickerExample.swift in Sources */ = {isa = PBXBuildFile; fileRef = E9582F2228A675FF0039710A /* ColorPickerExample.swift */; };
		E9582F2528A676DE0039710A /* DatePickerExample.swift in Sources */ = {isa = PBXBuildFile; fileRef = E9582F2428A676DE0039710A /* DatePickerExample.swift */; };
		E9582F2728A7C6DE0039710A /* StepperExample.swift in Sources */ = {isa = PBXBuildFile; fileRef = E9582F2628A7C6DE0039710A /* StepperExample.swift */; };
		E9582F2928A7C90B0039710A /* SliderExample.swift in Sources */ = {isa = PBXBuildFile; fileRef = E9582F2828A7C90B0039710A /* SliderExample.swift */; };
		E9582F2B28A7CB390039710A /* TabViewExample.swift in Sources */ = {isa = PBXBuildFile; fileRef = E9582F2A28A7CB390039710A /* TabViewExample.swift */; };
		E9582F2D28A7CE640039710A /* DarkModeExample.swift in Sources */ = {isa = PBXBuildFile; fileRef = E9582F2C28A7CE640039710A /* DarkModeExample.swift */; };
		E9582F2F28A7D0EE0039710A /* DocumentationExample.swift in Sources */ = {isa = PBXBuildFile; fileRef = E9582F2E28A7D0EE0039710A /* DocumentationExample.swift */; };
		E9582F3128A803AC0039710A /* onAppearExample.swift in Sources */ = {isa = PBXBuildFile; fileRef = E9582F3028A803AC0039710A /* onAppearExample.swift */; };
		E9582F3328A806ED0039710A /* IfLetGuardExample.swift in Sources */ = {isa = PBXBuildFile; fileRef = E9582F3228A806ED0039710A /* IfLetGuardExample.swift */; };
		E9582F3528A80C2A0039710A /* TapGestureExample.swift in Sources */ = {isa = PBXBuildFile; fileRef = E9582F3428A80C2A0039710A /* TapGestureExample.swift */; };
		E9582F3928A80E1C0039710A /* ModelExample.swift in Sources */ = {isa = PBXBuildFile; fileRef = E9582F3828A80E1C0039710A /* ModelExample.swift */; };
		E9582F3B28A8CFF70039710A /* ViewModelExample.swift in Sources */ = {isa = PBXBuildFile; fileRef = E9582F3A28A8CFF70039710A /* ViewModelExample.swift */; };
		E9582F3D28A8D7190039710A /* EnvironmentObjectExample.swift in Sources */ = {isa = PBXBuildFile; fileRef = E9582F3C28A8D7190039710A /* EnvironmentObjectExample.swift */; };
/* End PBXBuildFile section */

/* Begin PBXFileReference section */
		E9300C0228A937E2002A7F7C /* AppStorageExample.swift */ = {isa = PBXFileReference; lastKnownFileType = sourcecode.swift; path = AppStorageExample.swift; sourceTree = "<group>"; };
		E9582ED128A241E00039710A /* Tutorial.app */ = {isa = PBXFileReference; explicitFileType = wrapper.application; includeInIndex = 0; path = Tutorial.app; sourceTree = BUILT_PRODUCTS_DIR; };
		E9582ED428A241E00039710A /* TutorialApp.swift */ = {isa = PBXFileReference; lastKnownFileType = sourcecode.swift; path = TutorialApp.swift; sourceTree = "<group>"; };
		E9582ED628A241E00039710A /* ContentView.swift */ = {isa = PBXFileReference; lastKnownFileType = sourcecode.swift; path = ContentView.swift; sourceTree = "<group>"; };
		E9582ED828A241E30039710A /* Assets.xcassets */ = {isa = PBXFileReference; lastKnownFileType = folder.assetcatalog; path = Assets.xcassets; sourceTree = "<group>"; };
		E9582EDB28A241E30039710A /* Preview Assets.xcassets */ = {isa = PBXFileReference; lastKnownFileType = folder.assetcatalog; path = "Preview Assets.xcassets"; sourceTree = "<group>"; };
		E9582EE228A254D40039710A /* GradientView.swift */ = {isa = PBXFileReference; lastKnownFileType = sourcecode.swift; path = GradientView.swift; sourceTree = "<group>"; };
		E9582EE428A255570039710A /* Icons.swift */ = {isa = PBXFileReference; lastKnownFileType = sourcecode.swift; path = Icons.swift; sourceTree = "<group>"; };
		E9582EE628A257210039710A /* Images.swift */ = {isa = PBXFileReference; lastKnownFileType = sourcecode.swift; path = Images.swift; sourceTree = "<group>"; };
		E9582EE828A259C00039710A /* Frames.swift */ = {isa = PBXFileReference; lastKnownFileType = sourcecode.swift; path = Frames.swift; sourceTree = "<group>"; };
		E9582EEA28A27AC00039710A /* BackgroundOverlays.swift */ = {isa = PBXFileReference; lastKnownFileType = sourcecode.swift; path = BackgroundOverlays.swift; sourceTree = "<group>"; };
		E9582EEC28A28A430039710A /* InitEnums.swift */ = {isa = PBXFileReference; lastKnownFileType = sourcecode.swift; path = InitEnums.swift; sourceTree = "<group>"; };
		E9582EEE28A28E180039710A /* ForLoops.swift */ = {isa = PBXFileReference; lastKnownFileType = sourcecode.swift; path = ForLoops.swift; sourceTree = "<group>"; };
		E9582EF228A29E820039710A /* ScrollViewExample.swift */ = {isa = PBXFileReference; lastKnownFileType = sourcecode.swift; path = ScrollViewExample.swift; sourceTree = "<group>"; };
		E9582EF628A395D10039710A /* SafeareaExample.swift */ = {isa = PBXFileReference; lastKnownFileType = sourcecode.swift; path = SafeareaExample.swift; sourceTree = "<group>"; };
		E9582EF828A399750039710A /* StateExample.swift */ = {isa = PBXFileReference; lastKnownFileType = sourcecode.swift; path = StateExample.swift; sourceTree = "<group>"; };
		E9582EFA28A39C110039710A /* ExtractedFunctions.swift */ = {isa = PBXFileReference; lastKnownFileType = sourcecode.swift; path = ExtractedFunctions.swift; sourceTree = "<group>"; };
		E9582EFC28A39FA30039710A /* BindingWrapper.swift */ = {isa = PBXFileReference; lastKnownFileType = sourcecode.swift; path = BindingWrapper.swift; sourceTree = "<group>"; };
		E9582EFE28A3CA530039710A /* Conditionals.swift */ = {isa = PBXFileReference; lastKnownFileType = sourcecode.swift; path = Conditionals.swift; sourceTree = "<group>"; };
		E9582F0028A3CD010039710A /* AnimationsExample.swift */ = {isa = PBXFileReference; lastKnownFileType = sourcecode.swift; path = AnimationsExample.swift; sourceTree = "<group>"; };
		E9582F0228A3D0E10039710A /* TransitionExample.swift */ = {isa = PBXFileReference; lastKnownFileType = sourcecode.swift; path = TransitionExample.swift; sourceTree = "<group>"; };
		E9582F0628A3D5D20039710A /* CustomButton.swift */ = {isa = PBXFileReference; lastKnownFileType = sourcecode.swift; path = CustomButton.swift; sourceTree = "<group>"; };
		E9582F0828A3DE930039710A /* SheetsExample.swift */ = {isa = PBXFileReference; lastKnownFileType = sourcecode.swift; path = SheetsExample.swift; sourceTree = "<group>"; };
		E9582F0A28A3E53E0039710A /* NavigationExample.swift */ = {isa = PBXFileReference; lastKnownFileType = sourcecode.swift; path = NavigationExample.swift; sourceTree = "<group>"; };
		E9582F0C28A5850B0039710A /* ListExample.swift */ = {isa = PBXFileReference; lastKnownFileType = sourcecode.swift; path = ListExample.swift; sourceTree = "<group>"; };
		E9582F0E28A589070039710A /* AlertExample.swift */ = {isa = PBXFileReference; lastKnownFileType = sourcecode.swift; path = AlertExample.swift; sourceTree = "<group>"; };
		E9582F1428A65E790039710A /* ActionSheetExample.swift */ = {isa = PBXFileReference; lastKnownFileType = sourcecode.swift; path = ActionSheetExample.swift; sourceTree = "<group>"; };
		E9582F1628A664490039710A /* ContextMenuExample.swift */ = {isa = PBXFileReference; lastKnownFileType = sourcecode.swift; path = ContextMenuExample.swift; sourceTree = "<group>"; };
		E9582F1828A666DC0039710A /* TextFieldExample.swift */ = {isa = PBXFileReference; lastKnownFileType = sourcecode.swift; path = TextFieldExample.swift; sourceTree = "<group>"; };
		E9582F1A28A66CE00039710A /* TextEditorExample.swift */ = {isa = PBXFileReference; lastKnownFileType = sourcecode.swift; path = TextEditorExample.swift; sourceTree = "<group>"; };
		E9582F1C28A66E710039710A /* ToggleExample.swift */ = {isa = PBXFileReference; lastKnownFileType = sourcecode.swift; path = ToggleExample.swift; sourceTree = "<group>"; };
		E9582F1E28A66FC30039710A /* PickerExample.swift */ = {isa = PBXFileReference; lastKnownFileType = sourcecode.swift; path = PickerExample.swift; sourceTree = "<group>"; };
		E9582F2228A675FF0039710A /* ColorPickerExample.swift */ = {isa = PBXFileReference; lastKnownFileType = sourcecode.swift; path = ColorPickerExample.swift; sourceTree = "<group>"; };
		E9582F2428A676DE0039710A /* DatePickerExample.swift */ = {isa = PBXFileReference; lastKnownFileType = sourcecode.swift; path = DatePickerExample.swift; sourceTree = "<group>"; };
		E9582F2628A7C6DE0039710A /* StepperExample.swift */ = {isa = PBXFileReference; lastKnownFileType = sourcecode.swift; path = StepperExample.swift; sourceTree = "<group>"; };
		E9582F2828A7C90B0039710A /* SliderExample.swift */ = {isa = PBXFileReference; lastKnownFileType = sourcecode.swift; path = SliderExample.swift; sourceTree = "<group>"; };
		E9582F2A28A7CB390039710A /* TabViewExample.swift */ = {isa = PBXFileReference; lastKnownFileType = sourcecode.swift; path = TabViewExample.swift; sourceTree = "<group>"; };
		E9582F2C28A7CE640039710A /* DarkModeExample.swift */ = {isa = PBXFileReference; lastKnownFileType = sourcecode.swift; path = DarkModeExample.swift; sourceTree = "<group>"; };
		E9582F2E28A7D0EE0039710A /* DocumentationExample.swift */ = {isa = PBXFileReference; lastKnownFileType = sourcecode.swift; path = DocumentationExample.swift; sourceTree = "<group>"; };
		E9582F3028A803AC0039710A /* onAppearExample.swift */ = {isa = PBXFileReference; lastKnownFileType = sourcecode.swift; path = onAppearExample.swift; sourceTree = "<group>"; };
		E9582F3228A806ED0039710A /* IfLetGuardExample.swift */ = {isa = PBXFileReference; lastKnownFileType = sourcecode.swift; path = IfLetGuardExample.swift; sourceTree = "<group>"; };
		E9582F3428A80C2A0039710A /* TapGestureExample.swift */ = {isa = PBXFileReference; lastKnownFileType = sourcecode.swift; path = TapGestureExample.swift; sourceTree = "<group>"; };
		E9582F3828A80E1C0039710A /* ModelExample.swift */ = {isa = PBXFileReference; lastKnownFileType = sourcecode.swift; path = ModelExample.swift; sourceTree = "<group>"; };
		E9582F3A28A8CFF70039710A /* ViewModelExample.swift */ = {isa = PBXFileReference; lastKnownFileType = sourcecode.swift; path = ViewModelExample.swift; sourceTree = "<group>"; };
		E9582F3C28A8D7190039710A /* EnvironmentObjectExample.swift */ = {isa = PBXFileReference; lastKnownFileType = sourcecode.swift; path = EnvironmentObjectExample.swift; sourceTree = "<group>"; };
/* End PBXFileReference section */

/* Begin PBXFrameworksBuildPhase section */
		E9582ECE28A241E00039710A /* Frameworks */ = {
			isa = PBXFrameworksBuildPhase;
			buildActionMask = 2147483647;
			files = (
			);
			runOnlyForDeploymentPostprocessing = 0;
		};
/* End PBXFrameworksBuildPhase section */

/* Begin PBXGroup section */
		E9582EC828A241E00039710A = {
			isa = PBXGroup;
			children = (
				E9582ED328A241E00039710A /* Tutorial */,
				E9582ED228A241E00039710A /* Products */,
			);
			sourceTree = "<group>";
		};
		E9582ED228A241E00039710A /* Products */ = {
			isa = PBXGroup;
			children = (
				E9582ED128A241E00039710A /* Tutorial.app */,
			);
			name = Products;
			sourceTree = "<group>";
		};
		E9582ED328A241E00039710A /* Tutorial */ = {
			isa = PBXGroup;
			children = (
				E9582ED428A241E00039710A /* TutorialApp.swift */,
				E9582ED628A241E00039710A /* ContentView.swift */,
				E9582ED828A241E30039710A /* Assets.xcassets */,
				E9582EDA28A241E30039710A /* Preview Content */,
				E9582EE228A254D40039710A /* GradientView.swift */,
				E9582EE628A257210039710A /* Images.swift */,
				E9582EE828A259C00039710A /* Frames.swift */,
				E9582EEA28A27AC00039710A /* BackgroundOverlays.swift */,
				E9582EF628A395D10039710A /* SafeareaExample.swift */,
				E9582EF828A399750039710A /* StateExample.swift */,
				E9582EEC28A28A430039710A /* InitEnums.swift */,
				E9582EF228A29E820039710A /* ScrollViewExample.swift */,
				E9582EFA28A39C110039710A /* ExtractedFunctions.swift */,
				E9582F0028A3CD010039710A /* AnimationsExample.swift */,
				E9582F0628A3D5D20039710A /* CustomButton.swift */,
				E9582F1428A65E790039710A /* ActionSheetExample.swift */,
				E9582F0228A3D0E10039710A /* TransitionExample.swift */,
				E9582F1628A664490039710A /* ContextMenuExample.swift */,
				E9582F2A28A7CB390039710A /* TabViewExample.swift */,
				E9582F2228A675FF0039710A /* ColorPickerExample.swift */,
				E9300C0228A937E2002A7F7C /* AppStorageExample.swift */,
				E9582F3C28A8D7190039710A /* EnvironmentObjectExample.swift */,
				E9582F2C28A7CE640039710A /* DarkModeExample.swift */,
				E9582F3228A806ED0039710A /* IfLetGuardExample.swift */,
				E9582F3428A80C2A0039710A /* TapGestureExample.swift */,
				E9582F3828A80E1C0039710A /* ModelExample.swift */,
				E9582F2828A7C90B0039710A /* SliderExample.swift */,
				E9582F1E28A66FC30039710A /* PickerExample.swift */,
				E9582F1828A666DC0039710A /* TextFieldExample.swift */,
				E9582F2628A7C6DE0039710A /* StepperExample.swift */,
				E9582F2428A676DE0039710A /* DatePickerExample.swift */,
				E9582F1A28A66CE00039710A /* TextEditorExample.swift */,
				E9582F3A28A8CFF70039710A /* ViewModelExample.swift */,
				E9582F2E28A7D0EE0039710A /* DocumentationExample.swift */,
				E9582F3028A803AC0039710A /* onAppearExample.swift */,
				E9582F1C28A66E710039710A /* ToggleExample.swift */,
				E9582F0E28A589070039710A /* AlertExample.swift */,
				E9582F0828A3DE930039710A /* SheetsExample.swift */,
				E9582F0A28A3E53E0039710A /* NavigationExample.swift */,
				E9582F0C28A5850B0039710A /* ListExample.swift */,
				E9582EFC28A39FA30039710A /* BindingWrapper.swift */,
				E9582EFE28A3CA530039710A /* Conditionals.swift */,
				E9582EEE28A28E180039710A /* ForLoops.swift */,
				E9582EE428A255570039710A /* Icons.swift */,
			);
			path = Tutorial;
			sourceTree = "<group>";
		};
		E9582EDA28A241E30039710A /* Preview Content */ = {
			isa = PBXGroup;
			children = (
				E9582EDB28A241E30039710A /* Preview Assets.xcassets */,
			);
			path = "Preview Content";
			sourceTree = "<group>";
		};
/* End PBXGroup section */

/* Begin PBXNativeTarget section */
		E9582ED028A241E00039710A /* Tutorial */ = {
			isa = PBXNativeTarget;
			buildConfigurationList = E9582EDF28A241E30039710A /* Build configuration list for PBXNativeTarget "Tutorial" */;
			buildPhases = (
				E9582ECD28A241E00039710A /* Sources */,
				E9582ECE28A241E00039710A /* Frameworks */,
				E9582ECF28A241E00039710A /* Resources */,
			);
			buildRules = (
			);
			dependencies = (
			);
			name = Tutorial;
			productName = Tutorial;
			productReference = E9582ED128A241E00039710A /* Tutorial.app */;
			productType = "com.apple.product-type.application";
		};
/* End PBXNativeTarget section */

/* Begin PBXProject section */
		E9582EC928A241E00039710A /* Project object */ = {
			isa = PBXProject;
			attributes = {
				BuildIndependentTargetsInParallel = 1;
				LastSwiftUpdateCheck = 1340;
				LastUpgradeCheck = 1340;
				TargetAttributes = {
					E9582ED028A241E00039710A = {
						CreatedOnToolsVersion = 13.4.1;
					};
				};
			};
			buildConfigurationList = E9582ECC28A241E00039710A /* Build configuration list for PBXProject "Tutorial" */;
			compatibilityVersion = "Xcode 13.0";
			developmentRegion = en;
			hasScannedForEncodings = 0;
			knownRegions = (
				en,
				Base,
			);
			mainGroup = E9582EC828A241E00039710A;
			productRefGroup = E9582ED228A241E00039710A /* Products */;
			projectDirPath = "";
			projectRoot = "";
			targets = (
				E9582ED028A241E00039710A /* Tutorial */,
			);
		};
/* End PBXProject section */

/* Begin PBXResourcesBuildPhase section */
		E9582ECF28A241E00039710A /* Resources */ = {
			isa = PBXResourcesBuildPhase;
			buildActionMask = 2147483647;
			files = (
				E9582EDC28A241E30039710A /* Preview Assets.xcassets in Resources */,
				E9582ED928A241E30039710A /* Assets.xcassets in Resources */,
			);
			runOnlyForDeploymentPostprocessing = 0;
		};
/* End PBXResourcesBuildPhase section */

/* Begin PBXSourcesBuildPhase section */
		E9582ECD28A241E00039710A /* Sources */ = {
			isa = PBXSourcesBuildPhase;
			buildActionMask = 2147483647;
			files = (
				E9582F3D28A8D7190039710A /* EnvironmentObjectExample.swift in Sources */,
				E9582ED728A241E00039710A /* ContentView.swift in Sources */,
				E9582F3B28A8CFF70039710A /* ViewModelExample.swift in Sources */,
				E9582F2B28A7CB390039710A /* TabViewExample.swift in Sources */,
				E9582F1728A664490039710A /* ContextMenuExample.swift in Sources */,
				E9582F0728A3D5D20039710A /* CustomButton.swift in Sources */,
				E9582F2728A7C6DE0039710A /* StepperExample.swift in Sources */,
				E9582F0928A3DE930039710A /* SheetsExample.swift in Sources */,
				E9582F0128A3CD010039710A /* AnimationsExample.swift in Sources */,
				E9582F0D28A5850B0039710A /* ListExample.swift in Sources */,
				E9582ED528A241E00039710A /* TutorialApp.swift in Sources */,
				E9582EF728A395D10039710A /* SafeareaExample.swift in Sources */,
				E9582F1F28A66FC30039710A /* PickerExample.swift in Sources */,
				E9582EFD28A39FA30039710A /* BindingWrapper.swift in Sources */,
				E9582EFF28A3CA530039710A /* Conditionals.swift in Sources */,
				E9582EEF28A28E180039710A /* ForLoops.swift in Sources */,
				E9582EE728A257210039710A /* Images.swift in Sources */,
				E9582F0328A3D0E10039710A /* TransitionExample.swift in Sources */,
				E9582F3528A80C2A0039710A /* TapGestureExample.swift in Sources */,
				E9582EF328A29E820039710A /* ScrollViewExample.swift in Sources */,
				E9582F3928A80E1C0039710A /* ModelExample.swift in Sources */,
				E9582F1928A666DC0039710A /* TextFieldExample.swift in Sources */,
				E9582EEB28A27AC00039710A /* BackgroundOverlays.swift in Sources */,
				E9582F2F28A7D0EE0039710A /* DocumentationExample.swift in Sources */,
				E9582EE528A255570039710A /* Icons.swift in Sources */,
				E9582F2528A676DE0039710A /* DatePickerExample.swift in Sources */,
				E9300C0328A937E2002A7F7C /* AppStorageExample.swift in Sources */,
				E9582EE328A254D40039710A /* GradientView.swift in Sources */,
				E9582EED28A28A430039710A /* InitEnums.swift in Sources */,
				E9582F1D28A66E710039710A /* ToggleExample.swift in Sources */,
				E9582EF928A399750039710A /* StateExample.swift in Sources */,
				E9582F3128A803AC0039710A /* onAppearExample.swift in Sources */,
				E9582F1528A65E790039710A /* ActionSheetExample.swift in Sources */,
				E9582EE928A259C00039710A /* Frames.swift in Sources */,
				E9582F0F28A589070039710A /* AlertExample.swift in Sources */,
				E9582F2328A675FF0039710A /* ColorPickerExample.swift in Sources */,
				E9582F3328A806ED0039710A /* IfLetGuardExample.swift in Sources */,
				E9582F2D28A7CE640039710A /* DarkModeExample.swift in Sources */,
				E9582F0B28A3E53E0039710A /* NavigationExample.swift in Sources */,
				E9582F2928A7C90B0039710A /* SliderExample.swift in Sources */,
				E9582F1B28A66CE00039710A /* TextEditorExample.swift in Sources */,
				E9582EFB28A39C110039710A /* ExtractedFunctions.swift in Sources */,
			);
			runOnlyForDeploymentPostprocessing = 0;
		};
/* End PBXSourcesBuildPhase section */

/* Begin XCBuildConfiguration section */
		E9582EDD28A241E30039710A /* Debug */ = {
			isa = XCBuildConfiguration;
			buildSettings = {
				ALWAYS_SEARCH_USER_PATHS = NO;
				CLANG_ANALYZER_NONNULL = YES;
				CLANG_ANALYZER_NUMBER_OBJECT_CONVERSION = YES_AGGRESSIVE;
				CLANG_CXX_LANGUAGE_STANDARD = "gnu++17";
				CLANG_ENABLE_MODULES = YES;
				CLANG_ENABLE_OBJC_ARC = YES;
				CLANG_ENABLE_OBJC_WEAK = YES;
				CLANG_WARN_BLOCK_CAPTURE_AUTORELEASING = YES;
				CLANG_WARN_BOOL_CONVERSION = YES;
				CLANG_WARN_COMMA = YES;
				CLANG_WARN_CONSTANT_CONVERSION = YES;
				CLANG_WARN_DEPRECATED_OBJC_IMPLEMENTATIONS = YES;
				CLANG_WARN_DIRECT_OBJC_ISA_USAGE = YES_ERROR;
				CLANG_WARN_DOCUMENTATION_COMMENTS = YES;
				CLANG_WARN_EMPTY_BODY = YES;
				CLANG_WARN_ENUM_CONVERSION = YES;
				CLANG_WARN_INFINITE_RECURSION = YES;
				CLANG_WARN_INT_CONVERSION = YES;
				CLANG_WARN_NON_LITERAL_NULL_CONVERSION = YES;
				CLANG_WARN_OBJC_IMPLICIT_RETAIN_SELF = YES;
				CLANG_WARN_OBJC_LITERAL_CONVERSION = YES;
				CLANG_WARN_OBJC_ROOT_CLASS = YES_ERROR;
				CLANG_WARN_QUOTED_INCLUDE_IN_FRAMEWORK_HEADER = YES;
				CLANG_WARN_RANGE_LOOP_ANALYSIS = YES;
				CLANG_WARN_STRICT_PROTOTYPES = YES;
				CLANG_WARN_SUSPICIOUS_MOVE = YES;
				CLANG_WARN_UNGUARDED_AVAILABILITY = YES_AGGRESSIVE;
				CLANG_WARN_UNREACHABLE_CODE = YES;
				CLANG_WARN__DUPLICATE_METHOD_MATCH = YES;
				COPY_PHASE_STRIP = NO;
				DEBUG_INFORMATION_FORMAT = dwarf;
				ENABLE_STRICT_OBJC_MSGSEND = YES;
				ENABLE_TESTABILITY = YES;
				GCC_C_LANGUAGE_STANDARD = gnu11;
				GCC_DYNAMIC_NO_PIC = NO;
				GCC_NO_COMMON_BLOCKS = YES;
				GCC_OPTIMIZATION_LEVEL = 0;
				GCC_PREPROCESSOR_DEFINITIONS = (
					"DEBUG=1",
					"$(inherited)",
				);
				GCC_WARN_64_TO_32_BIT_CONVERSION = YES;
				GCC_WARN_ABOUT_RETURN_TYPE = YES_ERROR;
				GCC_WARN_UNDECLARED_SELECTOR = YES;
				GCC_WARN_UNINITIALIZED_AUTOS = YES_AGGRESSIVE;
				GCC_WARN_UNUSED_FUNCTION = YES;
				GCC_WARN_UNUSED_VARIABLE = YES;
				IPHONEOS_DEPLOYMENT_TARGET = 15.5;
				MTL_ENABLE_DEBUG_INFO = INCLUDE_SOURCE;
				MTL_FAST_MATH = YES;
				ONLY_ACTIVE_ARCH = YES;
				SDKROOT = iphoneos;
				SWIFT_ACTIVE_COMPILATION_CONDITIONS = DEBUG;
				SWIFT_OPTIMIZATION_LEVEL = "-Onone";
			};
			name = Debug;
		};
		E9582EDE28A241E30039710A /* Release */ = {
			isa = XCBuildConfiguration;
			buildSettings = {
				ALWAYS_SEARCH_USER_PATHS = NO;
				CLANG_ANALYZER_NONNULL = YES;
				CLANG_ANALYZER_NUMBER_OBJECT_CONVERSION = YES_AGGRESSIVE;
				CLANG_CXX_LANGUAGE_STANDARD = "gnu++17";
				CLANG_ENABLE_MODULES = YES;
				CLANG_ENABLE_OBJC_ARC = YES;
				CLANG_ENABLE_OBJC_WEAK = YES;
				CLANG_WARN_BLOCK_CAPTURE_AUTORELEASING = YES;
				CLANG_WARN_BOOL_CONVERSION = YES;
				CLANG_WARN_COMMA = YES;
				CLANG_WARN_CONSTANT_CONVERSION = YES;
				CLANG_WARN_DEPRECATED_OBJC_IMPLEMENTATIONS = YES;
				CLANG_WARN_DIRECT_OBJC_ISA_USAGE = YES_ERROR;
				CLANG_WARN_DOCUMENTATION_COMMENTS = YES;
				CLANG_WARN_EMPTY_BODY = YES;
				CLANG_WARN_ENUM_CONVERSION = YES;
				CLANG_WARN_INFINITE_RECURSION = YES;
				CLANG_WARN_INT_CONVERSION = YES;
				CLANG_WARN_NON_LITERAL_NULL_CONVERSION = YES;
				CLANG_WARN_OBJC_IMPLICIT_RETAIN_SELF = YES;
				CLANG_WARN_OBJC_LITERAL_CONVERSION = YES;
				CLANG_WARN_OBJC_ROOT_CLASS = YES_ERROR;
				CLANG_WARN_QUOTED_INCLUDE_IN_FRAMEWORK_HEADER = YES;
				CLANG_WARN_RANGE_LOOP_ANALYSIS = YES;
				CLANG_WARN_STRICT_PROTOTYPES = YES;
				CLANG_WARN_SUSPICIOUS_MOVE = YES;
				CLANG_WARN_UNGUARDED_AVAILABILITY = YES_AGGRESSIVE;
				CLANG_WARN_UNREACHABLE_CODE = YES;
				CLANG_WARN__DUPLICATE_METHOD_MATCH = YES;
				COPY_PHASE_STRIP = NO;
				DEBUG_INFORMATION_FORMAT = "dwarf-with-dsym";
				ENABLE_NS_ASSERTIONS = NO;
				ENABLE_STRICT_OBJC_MSGSEND = YES;
				GCC_C_LANGUAGE_STANDARD = gnu11;
				GCC_NO_COMMON_BLOCKS = YES;
				GCC_WARN_64_TO_32_BIT_CONVERSION = YES;
				GCC_WARN_ABOUT_RETURN_TYPE = YES_ERROR;
				GCC_WARN_UNDECLARED_SELECTOR = YES;
				GCC_WARN_UNINITIALIZED_AUTOS = YES_AGGRESSIVE;
				GCC_WARN_UNUSED_FUNCTION = YES;
				GCC_WARN_UNUSED_VARIABLE = YES;
				IPHONEOS_DEPLOYMENT_TARGET = 15.5;
				MTL_ENABLE_DEBUG_INFO = NO;
				MTL_FAST_MATH = YES;
				SDKROOT = iphoneos;
				SWIFT_COMPILATION_MODE = wholemodule;
				SWIFT_OPTIMIZATION_LEVEL = "-O";
				VALIDATE_PRODUCT = YES;
			};
			name = Release;
		};
		E9582EE028A241E30039710A /* Debug */ = {
			isa = XCBuildConfiguration;
			buildSettings = {
				ASSETCATALOG_COMPILER_APPICON_NAME = AppIcon;
				ASSETCATALOG_COMPILER_GLOBAL_ACCENT_COLOR_NAME = AccentColor;
				CODE_SIGN_STYLE = Automatic;
				CURRENT_PROJECT_VERSION = 1;
				DEVELOPMENT_ASSET_PATHS = "\"Tutorial/Preview Content\"";
				ENABLE_PREVIEWS = YES;
				GENERATE_INFOPLIST_FILE = YES;
				INFOPLIST_KEY_UIApplicationSceneManifest_Generation = YES;
				INFOPLIST_KEY_UIApplicationSupportsIndirectInputEvents = YES;
				INFOPLIST_KEY_UILaunchScreen_Generation = YES;
				INFOPLIST_KEY_UISupportedInterfaceOrientations_iPad = "UIInterfaceOrientationPortrait UIInterfaceOrientationPortraitUpsideDown UIInterfaceOrientationLandscapeLeft UIInterfaceOrientationLandscapeRight";
				INFOPLIST_KEY_UISupportedInterfaceOrientations_iPhone = "UIInterfaceOrientationPortrait UIInterfaceOrientationLandscapeLeft UIInterfaceOrientationLandscapeRight";
				LD_RUNPATH_SEARCH_PATHS = (
					"$(inherited)",
					"@executable_path/Frameworks",
				);
				MARKETING_VERSION = 1.0;
				PRODUCT_BUNDLE_IDENTIFIER = newOrganisation.Tutorial;
				PRODUCT_NAME = "$(TARGET_NAME)";
				SWIFT_EMIT_LOC_STRINGS = YES;
				SWIFT_VERSION = 5.0;
				TARGETED_DEVICE_FAMILY = "1,2";
			};
			name = Debug;
		};
		E9582EE128A241E30039710A /* Release */ = {
			isa = XCBuildConfiguration;
			buildSettings = {
				ASSETCATALOG_COMPILER_APPICON_NAME = AppIcon;
				ASSETCATALOG_COMPILER_GLOBAL_ACCENT_COLOR_NAME = AccentColor;
				CODE_SIGN_STYLE = Automatic;
				CURRENT_PROJECT_VERSION = 1;
				DEVELOPMENT_ASSET_PATHS = "\"Tutorial/Preview Content\"";
				ENABLE_PREVIEWS = YES;
				GENERATE_INFOPLIST_FILE = YES;
				INFOPLIST_KEY_UIApplicationSceneManifest_Generation = YES;
				INFOPLIST_KEY_UIApplicationSupportsIndirectInputEvents = YES;
				INFOPLIST_KEY_UILaunchScreen_Generation = YES;
				INFOPLIST_KEY_UISupportedInterfaceOrientations_iPad = "UIInterfaceOrientationPortrait UIInterfaceOrientationPortraitUpsideDown UIInterfaceOrientationLandscapeLeft UIInterfaceOrientationLandscapeRight";
				INFOPLIST_KEY_UISupportedInterfaceOrientations_iPhone = "UIInterfaceOrientationPortrait UIInterfaceOrientationLandscapeLeft UIInterfaceOrientationLandscapeRight";
				LD_RUNPATH_SEARCH_PATHS = (
					"$(inherited)",
					"@executable_path/Frameworks",
				);
				MARKETING_VERSION = 1.0;
				PRODUCT_BUNDLE_IDENTIFIER = newOrganisation.Tutorial;
				PRODUCT_NAME = "$(TARGET_NAME)";
				SWIFT_EMIT_LOC_STRINGS = YES;
				SWIFT_VERSION = 5.0;
				TARGETED_DEVICE_FAMILY = "1,2";
			};
			name = Release;
		};
/* End XCBuildConfiguration section */

/* Begin XCConfigurationList section */
		E9582ECC28A241E00039710A /* Build configuration list for PBXProject "Tutorial" */ = {
			isa = XCConfigurationList;
			buildConfigurations = (
				E9582EDD28A241E30039710A /* Debug */,
				E9582EDE28A241E30039710A /* Release */,
			);
			defaultConfigurationIsVisible = 0;
			defaultConfigurationName = Release;
		};
		E9582EDF28A241E30039710A /* Build configuration list for PBXNativeTarget "Tutorial" */ = {
			isa = XCConfigurationList;
			buildConfigurations = (
				E9582EE028A241E30039710A /* Debug */,
				E9582EE128A241E30039710A /* Release */,
			);
			defaultConfigurationIsVisible = 0;
			defaultConfigurationName = Release;
		};
/* End XCConfigurationList section */
	};
	rootObject = E9582EC928A241E00039710A /* Project object */;
}
